
Microsoft Visual Studio Solution File, Format Version 12.00
# Visual Studio Version 16
VisualStudioVersion = 16.0.34601.136
MinimumVisualStudioVersion = 10.0.40219.1
Project("{FAE04EC0-301F-11D3-BF4B-00C04F79EFBC}") = "Salon Management System", "Salon Management System.csproj", "{F03D67DC-43BC-41B6-A938-60D410900212}"
EndProject
Global
	GlobalSection(SolutionConfigurationPlatforms) = preSolution
		Debug|Any CPU = Debug|Any CPU
		Release|Any CPU = Release|Any CPU
	EndGlobalSection
	GlobalSection(ProjectConfigurationPlatforms) = postSolution
		{F03D67DC-43BC-41B6-A938-60D410900212}.Debug|Any CPU.ActiveCfg = Debug|Any CPU
		{F03D67DC-43BC-41B6-A938-60D410900212}.Debug|Any CPU.Build.0 = Debug|Any CPU
		{F03D67DC-43BC-41B6-A938-60D410900212}.Release|Any CPU.ActiveCfg = Release|Any CPU
		{F03D67DC-43BC-41B6-A938-60D410900212}.Release|Any CPU.Build.0 = Release|Any CPU
	EndGlobalSection
	GlobalSection(SolutionProperties) = preSolution
		HideSolutionNode = FALSE
	EndGlobalSection
	GlobalSection(ExtensibilityGlobals) = postSolution
		SolutionGuid = {376DA75B-B99C-42AD-A75E-82055CE7C771}
	EndGlobalSection
EndGlobal
